// !$*UTF8*$!
{
	archiveVersion = 1;
	classes = {
	};
	objectVersion = 55;
	objects = {

/* Begin PBXBuildFile section */
		EC91E3672BBBFE7F00529A00 /* AppDelegate.m in Sources */ = {isa = PBXBuildFile; fileRef = EC91E3662BBBFE7F00529A00 /* AppDelegate.m */; };
		EC91E36A2BBBFE7F00529A00 /* SceneDelegate.m in Sources */ = {isa = PBXBuildFile; fileRef = EC91E3692BBBFE7F00529A00 /* SceneDelegate.m */; };
		EC91E36D2BBBFE7F00529A00 /* DoneViewController.m in Sources */ = {isa = PBXBuildFile; fileRef = EC91E36C2BBBFE7F00529A00 /* DoneViewController.m */; };
		EC91E3702BBBFE7F00529A00 /* Main.storyboard in Resources */ = {isa = PBXBuildFile; fileRef = EC91E36E2BBBFE7F00529A00 /* Main.storyboard */; };
		EC91E3722BBBFE8100529A00 /* Assets.xcassets in Resources */ = {isa = PBXBuildFile; fileRef = EC91E3712BBBFE8100529A00 /* Assets.xcassets */; };
		EC91E3752BBBFE8200529A00 /* LaunchScreen.storyboard in Resources */ = {isa = PBXBuildFile; fileRef = EC91E3732BBBFE8200529A00 /* LaunchScreen.storyboard */; };
		EC91E3782BBBFE8200529A00 /* main.m in Sources */ = {isa = PBXBuildFile; fileRef = EC91E3772BBBFE8200529A00 /* main.m */; };
		EC91E3802BBBFF9600529A00 /* TaskModel.m in Sources */ = {isa = PBXBuildFile; fileRef = EC91E37F2BBBFF9600529A00 /* TaskModel.m */; };
		ECDD4D3D2BBC0A0E00AF8E28 /* ToDoViewController.m in Sources */ = {isa = PBXBuildFile; fileRef = ECDD4D3C2BBC0A0E00AF8E28 /* ToDoViewController.m */; };
		ECDD4D402BBC0A4600AF8E28 /* InProgressViewController.m in Sources */ = {isa = PBXBuildFile; fileRef = ECDD4D3F2BBC0A4600AF8E28 /* InProgressViewController.m */; };
		ECDD4D432BBC0A5C00AF8E28 /* AddTaskViewController.m in Sources */ = {isa = PBXBuildFile; fileRef = ECDD4D422BBC0A5C00AF8E28 /* AddTaskViewController.m */; };
		ECDD4D462BBC0A7200AF8E28 /* DetailsTaskViewController.m in Sources */ = {isa = PBXBuildFile; fileRef = ECDD4D452BBC0A7200AF8E28 /* DetailsTaskViewController.m */; };
/* End PBXBuildFile section */

/* Begin PBXFileReference section */
		EC91E3622BBBFE7F00529A00 /* ToDoList.app */ = {isa = PBXFileReference; explicitFileType = wrapper.application; includeInIndex = 0; path = ToDoList.app; sourceTree = BUILT_PRODUCTS_DIR; };
		EC91E3652BBBFE7F00529A00 /* AppDelegate.h */ = {isa = PBXFileReference; lastKnownFileType = sourcecode.c.h; path = AppDelegate.h; sourceTree = "<group>"; };
		EC91E3662BBBFE7F00529A00 /* AppDelegate.m */ = {isa = PBXFileReference; lastKnownFileType = sourcecode.c.objc; path = AppDelegate.m; sourceTree = "<group>"; };
		EC91E3682BBBFE7F00529A00 /* SceneDelegate.h */ = {isa = PBXFileReference; lastKnownFileType = sourcecode.c.h; path = SceneDelegate.h; sourceTree = "<group>"; };
		EC91E3692BBBFE7F00529A00 /* SceneDelegate.m */ = {isa = PBXFileReference; lastKnownFileType = sourcecode.c.objc; path = SceneDelegate.m; sourceTree = "<group>"; };
		EC91E36B2BBBFE7F00529A00 /* DoneViewController.h */ = {isa = PBXFileReference; lastKnownFileType = sourcecode.c.h; path = DoneViewController.h; sourceTree = "<group>"; };
		EC91E36C2BBBFE7F00529A00 /* DoneViewController.m */ = {isa = PBXFileReference; lastKnownFileType = sourcecode.c.objc; path = DoneViewController.m; sourceTree = "<group>"; };
		EC91E36F2BBBFE7F00529A00 /* Base */ = {isa = PBXFileReference; lastKnownFileType = file.storyboard; name = Base; path = Base.lproj/Main.storyboard; sourceTree = "<group>"; };
		EC91E3712BBBFE8100529A00 /* Assets.xcassets */ = {isa = PBXFileReference; lastKnownFileType = folder.assetcatalog; path = Assets.xcassets; sourceTree = "<group>"; };
		EC91E3742BBBFE8200529A00 /* Base */ = {isa = PBXFileReference; lastKnownFileType = file.storyboard; name = Base; path = Base.lproj/LaunchScreen.storyboard; sourceTree = "<group>"; };
		EC91E3762BBBFE8200529A00 /* Info.plist */ = {isa = PBXFileReference; lastKnownFileType = text.plist.xml; path = Info.plist; sourceTree = "<group>"; };
		EC91E3772BBBFE8200529A00 /* main.m */ = {isa = PBXFileReference; lastKnownFileType = sourcecode.c.objc; path = main.m; sourceTree = "<group>"; };
		EC91E37E2BBBFF9600529A00 /* TaskModel.h */ = {isa = PBXFileReference; lastKnownFileType = sourcecode.c.h; path = TaskModel.h; sourceTree = "<group>"; };
		EC91E37F2BBBFF9600529A00 /* TaskModel.m */ = {isa = PBXFileReference; lastKnownFileType = sourcecode.c.objc; path = TaskModel.m; sourceTree = "<group>"; };
		ECDD4D3B2BBC0A0E00AF8E28 /* ToDoViewController.h */ = {isa = PBXFileReference; lastKnownFileType = sourcecode.c.h; path = ToDoViewController.h; sourceTree = "<group>"; };
		ECDD4D3C2BBC0A0E00AF8E28 /* ToDoViewController.m */ = {isa = PBXFileReference; lastKnownFileType = sourcecode.c.objc; path = ToDoViewController.m; sourceTree = "<group>"; };
		ECDD4D3E2BBC0A4600AF8E28 /* InProgressViewController.h */ = {isa = PBXFileReference; lastKnownFileType = sourcecode.c.h; path = InProgressViewController.h; sourceTree = "<group>"; };
		ECDD4D3F2BBC0A4600AF8E28 /* InProgressViewController.m */ = {isa = PBXFileReference; lastKnownFileType = sourcecode.c.objc; path = InProgressViewController.m; sourceTree = "<group>"; };
		ECDD4D412BBC0A5C00AF8E28 /* AddTaskViewController.h */ = {isa = PBXFileReference; lastKnownFileType = sourcecode.c.h; path = AddTaskViewController.h; sourceTree = "<group>"; };
		ECDD4D422BBC0A5C00AF8E28 /* AddTaskViewController.m */ = {isa = PBXFileReference; lastKnownFileType = sourcecode.c.objc; path = AddTaskViewController.m; sourceTree = "<group>"; };
		ECDD4D442BBC0A7200AF8E28 /* DetailsTaskViewController.h */ = {isa = PBXFileReference; lastKnownFileType = sourcecode.c.h; path = DetailsTaskViewController.h; sourceTree = "<group>"; };
		ECDD4D452BBC0A7200AF8E28 /* DetailsTaskViewController.m */ = {isa = PBXFileReference; lastKnownFileType = sourcecode.c.objc; path = DetailsTaskViewController.m; sourceTree = "<group>"; };
/* End PBXFileReference section */

/* Begin PBXFrameworksBuildPhase section */
		EC91E35F2BBBFE7F00529A00 /* Frameworks */ = {
			isa = PBXFrameworksBuildPhase;
			buildActionMask = 2147483647;
			files = (
			);
			runOnlyForDeploymentPostprocessing = 0;
		};
/* End PBXFrameworksBuildPhase section */

/* Begin PBXGroup section */
		EC91E3592BBBFE7E00529A00 = {
			isa = PBXGroup;
			children = (
				EC91E3642BBBFE7F00529A00 /* ToDoList */,
				EC91E3632BBBFE7F00529A00 /* Products */,
			);
			sourceTree = "<group>";
		};
		EC91E3632BBBFE7F00529A00 /* Products */ = {
			isa = PBXGroup;
			children = (
				EC91E3622BBBFE7F00529A00 /* ToDoList.app */,
			);
			name = Products;
			sourceTree = "<group>";
		};
		EC91E3642BBBFE7F00529A00 /* ToDoList */ = {
			isa = PBXGroup;
			children = (
				EC91E3652BBBFE7F00529A00 /* AppDelegate.h */,
				EC91E3662BBBFE7F00529A00 /* AppDelegate.m */,
				EC91E3682BBBFE7F00529A00 /* SceneDelegate.h */,
				EC91E3692BBBFE7F00529A00 /* SceneDelegate.m */,
				EC91E36B2BBBFE7F00529A00 /* DoneViewController.h */,
				EC91E36C2BBBFE7F00529A00 /* DoneViewController.m */,
				EC91E36E2BBBFE7F00529A00 /* Main.storyboard */,
				EC91E3712BBBFE8100529A00 /* Assets.xcassets */,
				EC91E3732BBBFE8200529A00 /* LaunchScreen.storyboard */,
				EC91E3762BBBFE8200529A00 /* Info.plist */,
				EC91E3772BBBFE8200529A00 /* main.m */,
				EC91E37E2BBBFF9600529A00 /* TaskModel.h */,
				EC91E37F2BBBFF9600529A00 /* TaskModel.m */,
				ECDD4D3B2BBC0A0E00AF8E28 /* ToDoViewController.h */,
				ECDD4D3C2BBC0A0E00AF8E28 /* ToDoViewController.m */,
				ECDD4D3E2BBC0A4600AF8E28 /* InProgressViewController.h */,
				ECDD4D3F2BBC0A4600AF8E28 /* InProgressViewController.m */,
				ECDD4D412BBC0A5C00AF8E28 /* AddTaskViewController.h */,
				ECDD4D422BBC0A5C00AF8E28 /* AddTaskViewController.m */,
				ECDD4D442BBC0A7200AF8E28 /* DetailsTaskViewController.h */,
				ECDD4D452BBC0A7200AF8E28 /* DetailsTaskViewController.m */,
			);
			path = ToDoList;
			sourceTree = "<group>";
		};
/* End PBXGroup section */

/* Begin PBXNativeTarget section */
		EC91E3612BBBFE7F00529A00 /* ToDoList */ = {
			isa = PBXNativeTarget;
			buildConfigurationList = EC91E37B2BBBFE8200529A00 /* Build configuration list for PBXNativeTarget "ToDoList" */;
			buildPhases = (
				EC91E35E2BBBFE7F00529A00 /* Sources */,
				EC91E35F2BBBFE7F00529A00 /* Frameworks */,
				EC91E3602BBBFE7F00529A00 /* Resources */,
			);
			buildRules = (
			);
			dependencies = (
			);
			name = ToDoList;
			productName = ToDoList;
			productReference = EC91E3622BBBFE7F00529A00 /* ToDoList.app */;
			productType = "com.apple.product-type.application";
		};
/* End PBXNativeTarget section */

/* Begin PBXProject section */
		EC91E35A2BBBFE7E00529A00 /* Project object */ = {
			isa = PBXProject;
			attributes = {
				BuildIndependentTargetsInParallel = 1;
				LastUpgradeCheck = 1420;
				TargetAttributes = {
					EC91E3612BBBFE7F00529A00 = {
						CreatedOnToolsVersion = 14.2;
					};
				};
			};
			buildConfigurationList = EC91E35D2BBBFE7E00529A00 /* Build configuration list for PBXProject "ToDoList" */;
			compatibilityVersion = "Xcode 13.0";
			developmentRegion = en;
			hasScannedForEncodings = 0;
			knownRegions = (
				en,
				Base,
			);
			mainGroup = EC91E3592BBBFE7E00529A00;
			productRefGroup = EC91E3632BBBFE7F00529A00 /* Products */;
			projectDirPath = "";
			projectRoot = "";
			targets = (
				EC91E3612BBBFE7F00529A00 /* ToDoList */,
			);
		};
/* End PBXProject section */

/* Begin PBXResourcesBuildPhase section */
		EC91E3602BBBFE7F00529A00 /* Resources */ = {
			isa = PBXResourcesBuildPhase;
			buildActionMask = 2147483647;
			files = (
				EC91E3752BBBFE8200529A00 /* LaunchScreen.storyboard in Resources */,
				EC91E3722BBBFE8100529A00 /* Assets.xcassets in Resources */,
				EC91E3702BBBFE7F00529A00 /* Main.storyboard in Resources */,
			);
			runOnlyForDeploymentPostprocessing = 0;
		};
/* End PBXResourcesBuildPhase section */

/* Begin PBXSourcesBuildPhase section */
		EC91E35E2BBBFE7F00529A00 /* Sources */ = {
			isa = PBXSourcesBuildPhase;
			buildActionMask = 2147483647;
			files = (
				ECDD4D462BBC0A7200AF8E28 /* DetailsTaskViewController.m in Sources */,
				ECDD4D402BBC0A4600AF8E28 /* InProgressViewController.m in Sources */,
				EC91E36D2BBBFE7F00529A00 /* DoneViewController.m in Sources */,
				EC91E3672BBBFE7F00529A00 /* AppDelegate.m in Sources */,
				ECDD4D3D2BBC0A0E00AF8E28 /* ToDoViewController.m in Sources */,
				EC91E3802BBBFF9600529A00 /* TaskModel.m in Sources */,
				ECDD4D432BBC0A5C00AF8E28 /* AddTaskViewController.m in Sources */,
				EC91E3782BBBFE8200529A00 /* main.m in Sources */,
				EC91E36A2BBBFE7F00529A00 /* SceneDelegate.m in Sources */,
			);
			runOnlyForDeploymentPostprocessing = 0;
		};
/* End PBXSourcesBuildPhase section */

/* Begin PBXVariantGroup section */
		EC91E36E2BBBFE7F00529A00 /* Main.storyboard */ = {
			isa = PBXVariantGroup;
			children = (
				EC91E36F2BBBFE7F00529A00 /* Base */,
			);
			name = Main.storyboard;
			sourceTree = "<group>";
		};
		EC91E3732BBBFE8200529A00 /* LaunchScreen.storyboard */ = {
			isa = PBXVariantGroup;
			children = (
				EC91E3742BBBFE8200529A00 /* Base */,
			);
			name = LaunchScreen.storyboard;
			sourceTree = "<group>";
		};
/* End PBXVariantGroup section */

/* Begin XCBuildConfiguration section */
		EC91E3792BBBFE8200529A00 /* Debug */ = {
			isa = XCBuildConfiguration;
			buildSettings = {
				ALWAYS_SEARCH_USER_PATHS = NO;
				CLANG_ANALYZER_NONNULL = YES;
				CLANG_ANALYZER_NUMBER_OBJECT_CONVERSION = YES_AGGRESSIVE;
				CLANG_CXX_LANGUAGE_STANDARD = "gnu++20";
				CLANG_ENABLE_MODULES = YES;
				CLANG_ENABLE_OBJC_ARC = YES;
				CLANG_ENABLE_OBJC_WEAK = YES;
				CLANG_WARN_BLOCK_CAPTURE_AUTORELEASING = YES;
				CLANG_WARN_BOOL_CONVERSION = YES;
				CLANG_WARN_COMMA = YES;
				CLANG_WARN_CONSTANT_CONVERSION = YES;
				CLANG_WARN_DEPRECATED_OBJC_IMPLEMENTATIONS = YES;
				CLANG_WARN_DIRECT_OBJC_ISA_USAGE = YES_ERROR;
				CLANG_WARN_DOCUMENTATION_COMMENTS = YES;
				CLANG_WARN_EMPTY_BODY = YES;
				CLANG_WARN_ENUM_CONVERSION = YES;
				CLANG_WARN_INFINITE_RECURSION = YES;
				CLANG_WARN_INT_CONVERSION = YES;
				CLANG_WARN_NON_LITERAL_NULL_CONVERSION = YES;
				CLANG_WARN_OBJC_IMPLICIT_RETAIN_SELF = YES;
				CLANG_WARN_OBJC_LITERAL_CONVERSION = YES;
				CLANG_WARN_OBJC_ROOT_CLASS = YES_ERROR;
				CLANG_WARN_QUOTED_INCLUDE_IN_FRAMEWORK_HEADER = YES;
				CLANG_WARN_RANGE_LOOP_ANALYSIS = YES;
				CLANG_WARN_STRICT_PROTOTYPES = YES;
				CLANG_WARN_SUSPICIOUS_MOVE = YES;
				CLANG_WARN_UNGUARDED_AVAILABILITY = YES_AGGRESSIVE;
				CLANG_WARN_UNREACHABLE_CODE = YES;
				CLANG_WARN__DUPLICATE_METHOD_MATCH = YES;
				COPY_PHASE_STRIP = NO;
				DEBUG_INFORMATION_FORMAT = dwarf;
				ENABLE_STRICT_OBJC_MSGSEND = YES;
				ENABLE_TESTABILITY = YES;
				GCC_C_LANGUAGE_STANDARD = gnu11;
				GCC_DYNAMIC_NO_PIC = NO;
				GCC_NO_COMMON_BLOCKS = YES;
				GCC_OPTIMIZATION_LEVEL = 0;
				GCC_PREPROCESSOR_DEFINITIONS = (
					"DEBUG=1",
					"$(inherited)",
				);
				GCC_WARN_64_TO_32_BIT_CONVERSION = YES;
				GCC_WARN_ABOUT_RETURN_TYPE = YES_ERROR;
				GCC_WARN_UNDECLARED_SELECTOR = YES;
				GCC_WARN_UNINITIALIZED_AUTOS = YES_AGGRESSIVE;
				GCC_WARN_UNUSED_FUNCTION = YES;
				GCC_WARN_UNUSED_VARIABLE = YES;
				IPHONEOS_DEPLOYMENT_TARGET = 16.2;
				MTL_ENABLE_DEBUG_INFO = INCLUDE_SOURCE;
				MTL_FAST_MATH = YES;
				ONLY_ACTIVE_ARCH = YES;
				SDKROOT = iphoneos;
			};
			name = Debug;
		};
		EC91E37A2BBBFE8200529A00 /* Release */ = {
			isa = XCBuildConfiguration;
			buildSettings = {
				ALWAYS_SEARCH_USER_PATHS = NO;
				CLANG_ANALYZER_NONNULL = YES;
				CLANG_ANALYZER_NUMBER_OBJECT_CONVERSION = YES_AGGRESSIVE;
				CLANG_CXX_LANGUAGE_STANDARD = "gnu++20";
				CLANG_ENABLE_MODULES = YES;
				CLANG_ENABLE_OBJC_ARC = YES;
				CLANG_ENABLE_OBJC_WEAK = YES;
				CLANG_WARN_BLOCK_CAPTURE_AUTORELEASING = YES;
				CLANG_WARN_BOOL_CONVERSION = YES;
				CLANG_WARN_COMMA = YES;
				CLANG_WARN_CONSTANT_CONVERSION = YES;
				CLANG_WARN_DEPRECATED_OBJC_IMPLEMENTATIONS = YES;
				CLANG_WARN_DIRECT_OBJC_ISA_USAGE = YES_ERROR;
				CLANG_WARN_DOCUMENTATION_COMMENTS = YES;
				CLANG_WARN_EMPTY_BODY = YES;
				CLANG_WARN_ENUM_CONVERSION = YES;
				CLANG_WARN_INFINITE_RECURSION = YES;
				CLANG_WARN_INT_CONVERSION = YES;
				CLANG_WARN_NON_LITERAL_NULL_CONVERSION = YES;
				CLANG_WARN_OBJC_IMPLICIT_RETAIN_SELF = YES;
				CLANG_WARN_OBJC_LITERAL_CONVERSION = YES;
				CLANG_WARN_OBJC_ROOT_CLASS = YES_ERROR;
				CLANG_WARN_QUOTED_INCLUDE_IN_FRAMEWORK_HEADER = YES;
				CLANG_WARN_RANGE_LOOP_ANALYSIS = YES;
				CLANG_WARN_STRICT_PROTOTYPES = YES;
				CLANG_WARN_SUSPICIOUS_MOVE = YES;
				CLANG_WARN_UNGUARDED_AVAILABILITY = YES_AGGRESSIVE;
				CLANG_WARN_UNREACHABLE_CODE = YES;
				CLANG_WARN__DUPLICATE_METHOD_MATCH = YES;
				COPY_PHASE_STRIP = NO;
				DEBUG_INFORMATION_FORMAT = "dwarf-with-dsym";
				ENABLE_NS_ASSERTIONS = NO;
				ENABLE_STRICT_OBJC_MSGSEND = YES;
				GCC_C_LANGUAGE_STANDARD = gnu11;
				GCC_NO_COMMON_BLOCKS = YES;
				GCC_WARN_64_TO_32_BIT_CONVERSION = YES;
				GCC_WARN_ABOUT_RETURN_TYPE = YES_ERROR;
				GCC_WARN_UNDECLARED_SELECTOR = YES;
				GCC_WARN_UNINITIALIZED_AUTOS = YES_AGGRESSIVE;
				GCC_WARN_UNUSED_FUNCTION = YES;
				GCC_WARN_UNUSED_VARIABLE = YES;
				IPHONEOS_DEPLOYMENT_TARGET = 16.2;
				MTL_ENABLE_DEBUG_INFO = NO;
				MTL_FAST_MATH = YES;
				SDKROOT = iphoneos;
				VALIDATE_PRODUCT = YES;
			};
			name = Release;
		};
		EC91E37C2BBBFE8200529A00 /* Debug */ = {
			isa = XCBuildConfiguration;
			buildSettings = {
				ASSETCATALOG_COMPILER_APPICON_NAME = AppIcon;
				ASSETCATALOG_COMPILER_GLOBAL_ACCENT_COLOR_NAME = AccentColor;
				CODE_SIGN_STYLE = Automatic;
				CURRENT_PROJECT_VERSION = 1;
				GENERATE_INFOPLIST_FILE = YES;
				INFOPLIST_FILE = ToDoList/Info.plist;
				INFOPLIST_KEY_UIApplicationSupportsIndirectInputEvents = YES;
				INFOPLIST_KEY_UILaunchStoryboardName = LaunchScreen;
				INFOPLIST_KEY_UIMainStoryboardFile = Main;
				INFOPLIST_KEY_UISupportedInterfaceOrientations_iPad = "UIInterfaceOrientationPortrait UIInterfaceOrientationPortraitUpsideDown UIInterfaceOrientationLandscapeLeft UIInterfaceOrientationLandscapeRight";
				INFOPLIST_KEY_UISupportedInterfaceOrientations_iPhone = "UIInterfaceOrientationPortrait UIInterfaceOrientationLandscapeLeft UIInterfaceOrientationLandscapeRight";
				IPHONEOS_DEPLOYMENT_TARGET = 12.0;
				LD_RUNPATH_SEARCH_PATHS = (
					"$(inherited)",
					"@executable_path/Frameworks",
				);
				MARKETING_VERSION = 1.0;
				PRODUCT_BUNDLE_IDENTIFIER = iti.ToDoList;
				PRODUCT_NAME = "$(TARGET_NAME)";
				SWIFT_EMIT_LOC_STRINGS = YES;
				TARGETED_DEVICE_FAMILY = "1,2";
			};
			name = Debug;
		};
		EC91E37D2BBBFE8200529A00 /* Release */ = {
			isa = XCBuildConfiguration;
			buildSettings = {
				ASSETCATALOG_COMPILER_APPICON_NAME = AppIcon;
				ASSETCATALOG_COMPILER_GLOBAL_ACCENT_COLOR_NAME = AccentColor;
				CODE_SIGN_STYLE = Automatic;
				CURRENT_PROJECT_VERSION = 1;
				GENERATE_INFOPLIST_FILE = YES;
				INFOPLIST_FILE = ToDoList/Info.plist;
				INFOPLIST_KEY_UIApplicationSupportsIndirectInputEvents = YES;
				INFOPLIST_KEY_UILaunchStoryboardName = LaunchScreen;
				INFOPLIST_KEY_UIMainStoryboardFile = Main;
				INFOPLIST_KEY_UISupportedInterfaceOrientations_iPad = "UIInterfaceOrientationPortrait UIInterfaceOrientationPortraitUpsideDown UIInterfaceOrientationLandscapeLeft UIInterfaceOrientationLandscapeRight";
				INFOPLIST_KEY_UISupportedInterfaceOrientations_iPhone = "UIInterfaceOrientationPortrait UIInterfaceOrientationLandscapeLeft UIInterfaceOrientationLandscapeRight";
				IPHONEOS_DEPLOYMENT_TARGET = 12.0;
				LD_RUNPATH_SEARCH_PATHS = (
					"$(inherited)",
					"@executable_path/Frameworks",
				);
				MARKETING_VERSION = 1.0;
				PRODUCT_BUNDLE_IDENTIFIER = iti.ToDoList;
				PRODUCT_NAME = "$(TARGET_NAME)";
				SWIFT_EMIT_LOC_STRINGS = YES;
				TARGETED_DEVICE_FAMILY = "1,2";
			};
			name = Release;
		};
/* End XCBuildConfiguration section */

/* Begin XCConfigurationList section */
		EC91E35D2BBBFE7E00529A00 /* Build configuration list for PBXProject "ToDoList" */ = {
			isa = XCConfigurationList;
			buildConfigurations = (
				EC91E3792BBBFE8200529A00 /* Debug */,
				EC91E37A2BBBFE8200529A00 /* Release */,
			);
			defaultConfigurationIsVisible = 0;
			defaultConfigurationName = Release;
		};
		EC91E37B2BBBFE8200529A00 /* Build configuration list for PBXNativeTarget "ToDoList" */ = {
			isa = XCConfigurationList;
			buildConfigurations = (
				EC91E37C2BBBFE8200529A00 /* Debug */,
				EC91E37D2BBBFE8200529A00 /* Release */,
			);
			defaultConfigurationIsVisible = 0;
			defaultConfigurationName = Release;
		};
/* End XCConfigurationList section */
	};
	rootObject = EC91E35A2BBBFE7E00529A00 /* Project object */;
}
